
Microsoft Visual Studio Solution File, Format Version 12.00
# Visual Studio Version 17
VisualStudioVersion = 17.11.35327.3
MinimumVisualStudioVersion = 10.0.40219.1
Project("{FAE04EC0-301F-11D3-BF4B-00C04F79EFBC}") = "TicTacToe", "TicTacToe.csproj", "{45593EBB-1249-46D3-9618-8B5AAB2FF07B}"
EndProject
Global
	GlobalSection(SolutionConfigurationPlatforms) = preSolution
		Debug|Any CPU = Debug|Any CPU
		Release|Any CPU = Release|Any CPU
	EndGlobalSection
	GlobalSection(ProjectConfigurationPlatforms) = postSolution
		{45593EBB-1249-46D3-9618-8B5AAB2FF07B}.Debug|Any CPU.ActiveCfg = Debug|Any CPU
		{45593EBB-1249-46D3-9618-8B5AAB2FF07B}.Debug|Any CPU.Build.0 = Debug|Any CPU
		{45593EBB-1249-46D3-9618-8B5AAB2FF07B}.Release|Any CPU.ActiveCfg = Release|Any CPU
		{45593EBB-1249-46D3-9618-8B5AAB2FF07B}.Release|Any CPU.Build.0 = Release|Any CPU
	EndGlobalSection
	GlobalSection(SolutionProperties) = preSolution
		HideSolutionNode = FALSE
	EndGlobalSection
	GlobalSection(ExtensibilityGlobals) = postSolution
		SolutionGuid = {86FCB8B6-FC6D-4497-A1C2-310B314C0ED8}
	EndGlobalSection
EndGlobal
